// !$*UTF8*$!
{
	archiveVersion = 1;
	classes = {
	};
	objectVersion = 50;
	objects = {

/* Begin PBXBuildFile section */
		1F9F4E3134336E6831ACC5B8 /* Pods_InstagramFirebase.framework in Frameworks */ = {isa = PBXBuildFile; fileRef = E423C9402E4B3E6FCC7CEDF0 /* Pods_InstagramFirebase.framework */; };
		8C1074F322A81C2300A4BF7B /* ProfileViewController.swift in Sources */ = {isa = PBXBuildFile; fileRef = 8C1074F222A81C2300A4BF7B /* ProfileViewController.swift */; };
		8C1074FE22A8F25200A4BF7B /* UserProfileHeader.swift in Sources */ = {isa = PBXBuildFile; fileRef = 8C1074FC22A8F25200A4BF7B /* UserProfileHeader.swift */; };
		8C1074FF22A8F25200A4BF7B /* UserProfileHeader.xib in Resources */ = {isa = PBXBuildFile; fileRef = 8C1074FD22A8F25200A4BF7B /* UserProfileHeader.xib */; };
		8C10750222A8F69100A4BF7B /* User.swift in Sources */ = {isa = PBXBuildFile; fileRef = 8C10750122A8F69100A4BF7B /* User.swift */; };
		8C10750422A968A200A4BF7B /* LoginController.swift in Sources */ = {isa = PBXBuildFile; fileRef = 8C10750322A968A200A4BF7B /* LoginController.swift */; };
		8C10750622A96C6D00A4BF7B /* MainController.swift in Sources */ = {isa = PBXBuildFile; fileRef = 8C10750522A96C6D00A4BF7B /* MainController.swift */; };
		8C10750922AAC72B00A4BF7B /* PhotoController.swift in Sources */ = {isa = PBXBuildFile; fileRef = 8C10750822AAC72B00A4BF7B /* PhotoController.swift */; };
		8C10750B22AB8B3F00A4BF7B /* PhotoSelectorCell.swift in Sources */ = {isa = PBXBuildFile; fileRef = 8C10750A22AB8B3F00A4BF7B /* PhotoSelectorCell.swift */; };
		8C10750D22ABA85700A4BF7B /* SharePhotoController.swift in Sources */ = {isa = PBXBuildFile; fileRef = 8C10750C22ABA85700A4BF7B /* SharePhotoController.swift */; };
		8C10750F22ABED4200A4BF7B /* Post.swift in Sources */ = {isa = PBXBuildFile; fileRef = 8C10750E22ABED4200A4BF7B /* Post.swift */; };
		8C10751122ABEE9900A4BF7B /* UserProfileCell.swift in Sources */ = {isa = PBXBuildFile; fileRef = 8C10751022ABEE9900A4BF7B /* UserProfileCell.swift */; };
		8C10751422ABFD0F00A4BF7B /* CustomImageView.swift in Sources */ = {isa = PBXBuildFile; fileRef = 8C10751322ABFD0F00A4BF7B /* CustomImageView.swift */; };
		8C10751622ACE8AD00A4BF7B /* UIImageView+Extension.swift in Sources */ = {isa = PBXBuildFile; fileRef = 8C10751522ACE8AD00A4BF7B /* UIImageView+Extension.swift */; };
		8C10751922AD14DF00A4BF7B /* HomeController.swift in Sources */ = {isa = PBXBuildFile; fileRef = 8C10751822AD14DF00A4BF7B /* HomeController.swift */; };
		8C10751B22AD161A00A4BF7B /* HomePostCell.swift in Sources */ = {isa = PBXBuildFile; fileRef = 8C10751A22AD161A00A4BF7B /* HomePostCell.swift */; };
		8CCF054022A535DD00FA3E22 /* AppDelegate.swift in Sources */ = {isa = PBXBuildFile; fileRef = 8CCF053F22A535DD00FA3E22 /* AppDelegate.swift */; };
		8CCF054222A535DD00FA3E22 /* RegisterViewController.swift in Sources */ = {isa = PBXBuildFile; fileRef = 8CCF054122A535DD00FA3E22 /* RegisterViewController.swift */; };
		8CCF054522A535DD00FA3E22 /* Main.storyboard in Resources */ = {isa = PBXBuildFile; fileRef = 8CCF054322A535DD00FA3E22 /* Main.storyboard */; };
		8CCF054722A535DE00FA3E22 /* Assets.xcassets in Resources */ = {isa = PBXBuildFile; fileRef = 8CCF054622A535DE00FA3E22 /* Assets.xcassets */; };
		8CCF054A22A535DE00FA3E22 /* LaunchScreen.storyboard in Resources */ = {isa = PBXBuildFile; fileRef = 8CCF054822A535DE00FA3E22 /* LaunchScreen.storyboard */; };
		8CCF055222A5360400FA3E22 /* GoogleService-Info.plist in Resources */ = {isa = PBXBuildFile; fileRef = 8CCF055122A5360400FA3E22 /* GoogleService-Info.plist */; };
		8CCF055722A563E200FA3E22 /* LoginButton.swift in Sources */ = {isa = PBXBuildFile; fileRef = 8CCF055622A563E200FA3E22 /* LoginButton.swift */; };
		8CCF055A22A5644300FA3E22 /* Constants.swift in Sources */ = {isa = PBXBuildFile; fileRef = 8CCF055922A5644300FA3E22 /* Constants.swift */; };
/* End PBXBuildFile section */

/* Begin PBXFileReference section */
		076CD8FE0EB4187832681C07 /* Pods-InstagramFirebase.release.xcconfig */ = {isa = PBXFileReference; includeInIndex = 1; lastKnownFileType = text.xcconfig; name = "Pods-InstagramFirebase.release.xcconfig"; path = "Target Support Files/Pods-InstagramFirebase/Pods-InstagramFirebase.release.xcconfig"; sourceTree = "<group>"; };
		8C1074F222A81C2300A4BF7B /* ProfileViewController.swift */ = {isa = PBXFileReference; lastKnownFileType = sourcecode.swift; path = ProfileViewController.swift; sourceTree = "<group>"; };
		8C1074FC22A8F25200A4BF7B /* UserProfileHeader.swift */ = {isa = PBXFileReference; lastKnownFileType = sourcecode.swift; path = UserProfileHeader.swift; sourceTree = "<group>"; };
		8C1074FD22A8F25200A4BF7B /* UserProfileHeader.xib */ = {isa = PBXFileReference; lastKnownFileType = file.xib; path = UserProfileHeader.xib; sourceTree = "<group>"; };
		8C10750122A8F69100A4BF7B /* User.swift */ = {isa = PBXFileReference; lastKnownFileType = sourcecode.swift; path = User.swift; sourceTree = "<group>"; };
		8C10750322A968A200A4BF7B /* LoginController.swift */ = {isa = PBXFileReference; lastKnownFileType = sourcecode.swift; path = LoginController.swift; sourceTree = "<group>"; };
		8C10750522A96C6D00A4BF7B /* MainController.swift */ = {isa = PBXFileReference; lastKnownFileType = sourcecode.swift; path = MainController.swift; sourceTree = "<group>"; };
		8C10750822AAC72B00A4BF7B /* PhotoController.swift */ = {isa = PBXFileReference; lastKnownFileType = sourcecode.swift; path = PhotoController.swift; sourceTree = "<group>"; };
		8C10750A22AB8B3F00A4BF7B /* PhotoSelectorCell.swift */ = {isa = PBXFileReference; lastKnownFileType = sourcecode.swift; path = PhotoSelectorCell.swift; sourceTree = "<group>"; };
		8C10750C22ABA85700A4BF7B /* SharePhotoController.swift */ = {isa = PBXFileReference; lastKnownFileType = sourcecode.swift; path = SharePhotoController.swift; sourceTree = "<group>"; };
		8C10750E22ABED4200A4BF7B /* Post.swift */ = {isa = PBXFileReference; lastKnownFileType = sourcecode.swift; path = Post.swift; sourceTree = "<group>"; };
		8C10751022ABEE9900A4BF7B /* UserProfileCell.swift */ = {isa = PBXFileReference; lastKnownFileType = sourcecode.swift; path = UserProfileCell.swift; sourceTree = "<group>"; };
		8C10751322ABFD0F00A4BF7B /* CustomImageView.swift */ = {isa = PBXFileReference; lastKnownFileType = sourcecode.swift; path = CustomImageView.swift; sourceTree = "<group>"; };
		8C10751522ACE8AD00A4BF7B /* UIImageView+Extension.swift */ = {isa = PBXFileReference; lastKnownFileType = sourcecode.swift; path = "UIImageView+Extension.swift"; sourceTree = "<group>"; };
		8C10751822AD14DF00A4BF7B /* HomeController.swift */ = {isa = PBXFileReference; lastKnownFileType = sourcecode.swift; path = HomeController.swift; sourceTree = "<group>"; };
		8C10751A22AD161A00A4BF7B /* HomePostCell.swift */ = {isa = PBXFileReference; lastKnownFileType = sourcecode.swift; path = HomePostCell.swift; sourceTree = "<group>"; };
		8CCF053C22A535DD00FA3E22 /* InstagramFirebase.app */ = {isa = PBXFileReference; explicitFileType = wrapper.application; includeInIndex = 0; path = InstagramFirebase.app; sourceTree = BUILT_PRODUCTS_DIR; };
		8CCF053F22A535DD00FA3E22 /* AppDelegate.swift */ = {isa = PBXFileReference; lastKnownFileType = sourcecode.swift; path = AppDelegate.swift; sourceTree = "<group>"; };
		8CCF054122A535DD00FA3E22 /* RegisterViewController.swift */ = {isa = PBXFileReference; lastKnownFileType = sourcecode.swift; path = RegisterViewController.swift; sourceTree = "<group>"; };
		8CCF054422A535DD00FA3E22 /* Base */ = {isa = PBXFileReference; lastKnownFileType = file.storyboard; name = Base; path = Base.lproj/Main.storyboard; sourceTree = "<group>"; };
		8CCF054622A535DE00FA3E22 /* Assets.xcassets */ = {isa = PBXFileReference; lastKnownFileType = folder.assetcatalog; path = Assets.xcassets; sourceTree = "<group>"; };
		8CCF054922A535DE00FA3E22 /* Base */ = {isa = PBXFileReference; lastKnownFileType = file.storyboard; name = Base; path = Base.lproj/LaunchScreen.storyboard; sourceTree = "<group>"; };
		8CCF054B22A535DE00FA3E22 /* Info.plist */ = {isa = PBXFileReference; lastKnownFileType = text.plist.xml; path = Info.plist; sourceTree = "<group>"; };
		8CCF055122A5360400FA3E22 /* GoogleService-Info.plist */ = {isa = PBXFileReference; fileEncoding = 4; lastKnownFileType = text.plist.xml; path = "GoogleService-Info.plist"; sourceTree = "<group>"; };
		8CCF055622A563E200FA3E22 /* LoginButton.swift */ = {isa = PBXFileReference; lastKnownFileType = sourcecode.swift; path = LoginButton.swift; sourceTree = "<group>"; };
		8CCF055922A5644300FA3E22 /* Constants.swift */ = {isa = PBXFileReference; lastKnownFileType = sourcecode.swift; path = Constants.swift; sourceTree = "<group>"; };
		E423C9402E4B3E6FCC7CEDF0 /* Pods_InstagramFirebase.framework */ = {isa = PBXFileReference; explicitFileType = wrapper.framework; includeInIndex = 0; path = Pods_InstagramFirebase.framework; sourceTree = BUILT_PRODUCTS_DIR; };
		FAEDACE5E1859AF8992FE9E6 /* Pods-InstagramFirebase.debug.xcconfig */ = {isa = PBXFileReference; includeInIndex = 1; lastKnownFileType = text.xcconfig; name = "Pods-InstagramFirebase.debug.xcconfig"; path = "Target Support Files/Pods-InstagramFirebase/Pods-InstagramFirebase.debug.xcconfig"; sourceTree = "<group>"; };
/* End PBXFileReference section */

/* Begin PBXFrameworksBuildPhase section */
		8CCF053922A535DD00FA3E22 /* Frameworks */ = {
			isa = PBXFrameworksBuildPhase;
			buildActionMask = 2147483647;
			files = (
				1F9F4E3134336E6831ACC5B8 /* Pods_InstagramFirebase.framework in Frameworks */,
			);
			runOnlyForDeploymentPostprocessing = 0;
		};
/* End PBXFrameworksBuildPhase section */

/* Begin PBXGroup section */
		8C1074F422A81C2700A4BF7B /* Profile */ = {
			isa = PBXGroup;
			children = (
				8C1074F222A81C2300A4BF7B /* ProfileViewController.swift */,
			);
			path = Profile;
			sourceTree = "<group>";
		};
		8C1074F522A8F13D00A4BF7B /* Views */ = {
			isa = PBXGroup;
			children = (
				8C1074FC22A8F25200A4BF7B /* UserProfileHeader.swift */,
				8C1074FD22A8F25200A4BF7B /* UserProfileHeader.xib */,
				8C10750A22AB8B3F00A4BF7B /* PhotoSelectorCell.swift */,
				8C10751022ABEE9900A4BF7B /* UserProfileCell.swift */,
				8C10751A22AD161A00A4BF7B /* HomePostCell.swift */,
			);
			path = Views;
			sourceTree = "<group>";
		};
		8C10750022A8F68400A4BF7B /* Model */ = {
			isa = PBXGroup;
			children = (
				8C10750122A8F69100A4BF7B /* User.swift */,
				8C10750E22ABED4200A4BF7B /* Post.swift */,
			);
			path = Model;
			sourceTree = "<group>";
		};
		8C10750722AAC71800A4BF7B /* Photo */ = {
			isa = PBXGroup;
			children = (
				8C10750822AAC72B00A4BF7B /* PhotoController.swift */,
				8C10750C22ABA85700A4BF7B /* SharePhotoController.swift */,
			);
			path = Photo;
			sourceTree = "<group>";
		};
		8C10751222ABFCFC00A4BF7B /* Extensions */ = {
			isa = PBXGroup;
			children = (
				8C10751522ACE8AD00A4BF7B /* UIImageView+Extension.swift */,
			);
			path = Extensions;
			sourceTree = "<group>";
		};
		8C10751722AD14C900A4BF7B /* Home */ = {
			isa = PBXGroup;
			children = (
				8C10751822AD14DF00A4BF7B /* HomeController.swift */,
			);
			path = Home;
			sourceTree = "<group>";
		};
		8CCF053322A535DD00FA3E22 = {
			isa = PBXGroup;
			children = (
				8CCF053E22A535DD00FA3E22 /* InstagramFirebase */,
				8CCF053D22A535DD00FA3E22 /* Products */,
				D580C773E661E71F839B5EC2 /* Pods */,
				A948B8B9C285A7A887EFE2CB /* Frameworks */,
			);
			sourceTree = "<group>";
		};
		8CCF053D22A535DD00FA3E22 /* Products */ = {
			isa = PBXGroup;
			children = (
				8CCF053C22A535DD00FA3E22 /* InstagramFirebase.app */,
			);
			name = Products;
			sourceTree = "<group>";
		};
		8CCF053E22A535DD00FA3E22 /* InstagramFirebase */ = {
			isa = PBXGroup;
			children = (
				8C10751222ABFCFC00A4BF7B /* Extensions */,
				8CCF055822A5643100FA3E22 /* Constants */,
				8CCF055522A563CF00FA3E22 /* CustomViews */,
				8C10750022A8F68400A4BF7B /* Model */,
				8C1074F522A8F13D00A4BF7B /* Views */,
				8CCF055322A55B5D00FA3E22 /* Controller */,
				8CCF053F22A535DD00FA3E22 /* AppDelegate.swift */,
				8CCF054322A535DD00FA3E22 /* Main.storyboard */,
				8CCF054622A535DE00FA3E22 /* Assets.xcassets */,
				8CCF054822A535DE00FA3E22 /* LaunchScreen.storyboard */,
				8CCF054B22A535DE00FA3E22 /* Info.plist */,
				8CCF055122A5360400FA3E22 /* GoogleService-Info.plist */,
			);
			path = InstagramFirebase;
			sourceTree = "<group>";
		};
		8CCF055322A55B5D00FA3E22 /* Controller */ = {
			isa = PBXGroup;
			children = (
				8C10750522A96C6D00A4BF7B /* MainController.swift */,
				8CCF055422A55B6700FA3E22 /* Login */,
				8C10751722AD14C900A4BF7B /* Home */,
				8C10750722AAC71800A4BF7B /* Photo */,
				8C1074F422A81C2700A4BF7B /* Profile */,
			);
			path = Controller;
			sourceTree = "<group>";
		};
		8CCF055422A55B6700FA3E22 /* Login */ = {
			isa = PBXGroup;
			children = (
				8CCF054122A535DD00FA3E22 /* RegisterViewController.swift */,
				8C10750322A968A200A4BF7B /* LoginController.swift */,
			);
			path = Login;
			sourceTree = "<group>";
		};
		8CCF055522A563CF00FA3E22 /* CustomViews */ = {
			isa = PBXGroup;
			children = (
				8C10751322ABFD0F00A4BF7B /* CustomImageView.swift */,
				8CCF055622A563E200FA3E22 /* LoginButton.swift */,
			);
			path = CustomViews;
			sourceTree = "<group>";
		};
		8CCF055822A5643100FA3E22 /* Constants */ = {
			isa = PBXGroup;
			children = (
				8CCF055922A5644300FA3E22 /* Constants.swift */,
			);
			path = Constants;
			sourceTree = "<group>";
		};
		A948B8B9C285A7A887EFE2CB /* Frameworks */ = {
			isa = PBXGroup;
			children = (
				E423C9402E4B3E6FCC7CEDF0 /* Pods_InstagramFirebase.framework */,
			);
			name = Frameworks;
			sourceTree = "<group>";
		};
		D580C773E661E71F839B5EC2 /* Pods */ = {
			isa = PBXGroup;
			children = (
				FAEDACE5E1859AF8992FE9E6 /* Pods-InstagramFirebase.debug.xcconfig */,
				076CD8FE0EB4187832681C07 /* Pods-InstagramFirebase.release.xcconfig */,
			);
			path = Pods;
			sourceTree = "<group>";
		};
/* End PBXGroup section */

/* Begin PBXNativeTarget section */
		8CCF053B22A535DD00FA3E22 /* InstagramFirebase */ = {
			isa = PBXNativeTarget;
			buildConfigurationList = 8CCF054E22A535DE00FA3E22 /* Build configuration list for PBXNativeTarget "InstagramFirebase" */;
			buildPhases = (
				725622895B19CA8F6BB49392 /* [CP] Check Pods Manifest.lock */,
				8CCF053822A535DD00FA3E22 /* Sources */,
				8CCF053922A535DD00FA3E22 /* Frameworks */,
				8CCF053A22A535DD00FA3E22 /* Resources */,
				9F6258BEB61D62145C643B18 /* [CP] Embed Pods Frameworks */,
			);
			buildRules = (
			);
			dependencies = (
			);
			name = InstagramFirebase;
			productName = InstagramFirebase;
			productReference = 8CCF053C22A535DD00FA3E22 /* InstagramFirebase.app */;
			productType = "com.apple.product-type.application";
		};
/* End PBXNativeTarget section */

/* Begin PBXProject section */
		8CCF053422A535DD00FA3E22 /* Project object */ = {
			isa = PBXProject;
			attributes = {
				LastSwiftUpdateCheck = 1020;
				LastUpgradeCheck = 1020;
				ORGANIZATIONNAME = "Gabor Sornyei";
				TargetAttributes = {
					8CCF053B22A535DD00FA3E22 = {
						CreatedOnToolsVersion = 10.2.1;
					};
				};
			};
			buildConfigurationList = 8CCF053722A535DD00FA3E22 /* Build configuration list for PBXProject "InstagramFirebase" */;
			compatibilityVersion = "Xcode 9.3";
			developmentRegion = en;
			hasScannedForEncodings = 0;
			knownRegions = (
				en,
				Base,
			);
			mainGroup = 8CCF053322A535DD00FA3E22;
			productRefGroup = 8CCF053D22A535DD00FA3E22 /* Products */;
			projectDirPath = "";
			projectRoot = "";
			targets = (
				8CCF053B22A535DD00FA3E22 /* InstagramFirebase */,
			);
		};
/* End PBXProject section */

/* Begin PBXResourcesBuildPhase section */
		8CCF053A22A535DD00FA3E22 /* Resources */ = {
			isa = PBXResourcesBuildPhase;
			buildActionMask = 2147483647;
			files = (
				8CCF054A22A535DE00FA3E22 /* LaunchScreen.storyboard in Resources */,
				8CCF055222A5360400FA3E22 /* GoogleService-Info.plist in Resources */,
				8CCF054722A535DE00FA3E22 /* Assets.xcassets in Resources */,
				8C1074FF22A8F25200A4BF7B /* UserProfileHeader.xib in Resources */,
				8CCF054522A535DD00FA3E22 /* Main.storyboard in Resources */,
			);
			runOnlyForDeploymentPostprocessing = 0;
		};
/* End PBXResourcesBuildPhase section */

/* Begin PBXShellScriptBuildPhase section */
		725622895B19CA8F6BB49392 /* [CP] Check Pods Manifest.lock */ = {
			isa = PBXShellScriptBuildPhase;
			buildActionMask = 2147483647;
			files = (
			);
			inputFileListPaths = (
			);
			inputPaths = (
				"${PODS_PODFILE_DIR_PATH}/Podfile.lock",
				"${PODS_ROOT}/Manifest.lock",
			);
			name = "[CP] Check Pods Manifest.lock";
			outputFileListPaths = (
			);
			outputPaths = (
				"$(DERIVED_FILE_DIR)/Pods-InstagramFirebase-checkManifestLockResult.txt",
			);
			runOnlyForDeploymentPostprocessing = 0;
			shellPath = /bin/sh;
			shellScript = "diff \"${PODS_PODFILE_DIR_PATH}/Podfile.lock\" \"${PODS_ROOT}/Manifest.lock\" > /dev/null\nif [ $? != 0 ] ; then\n    # print error to STDERR\n    echo \"error: The sandbox is not in sync with the Podfile.lock. Run 'pod install' or update your CocoaPods installation.\" >&2\n    exit 1\nfi\n# This output is used by Xcode 'outputs' to avoid re-running this script phase.\necho \"SUCCESS\" > \"${SCRIPT_OUTPUT_FILE_0}\"\n";
			showEnvVarsInLog = 0;
		};
		9F6258BEB61D62145C643B18 /* [CP] Embed Pods Frameworks */ = {
			isa = PBXShellScriptBuildPhase;
			buildActionMask = 2147483647;
			files = (
			);
			inputFileListPaths = (
			);
			inputPaths = (
				"${PODS_ROOT}/Target Support Files/Pods-InstagramFirebase/Pods-InstagramFirebase-frameworks.sh",
				"${BUILT_PRODUCTS_DIR}/BoringSSL-GRPC/openssl_grpc.framework",
				"${BUILT_PRODUCTS_DIR}/GTMSessionFetcher/GTMSessionFetcher.framework",
				"${BUILT_PRODUCTS_DIR}/GoogleUtilities/GoogleUtilities.framework",
				"${BUILT_PRODUCTS_DIR}/Protobuf/Protobuf.framework",
				"${BUILT_PRODUCTS_DIR}/gRPC-C++/grpcpp.framework",
				"${BUILT_PRODUCTS_DIR}/gRPC-Core/grpc.framework",
				"${BUILT_PRODUCTS_DIR}/leveldb-library/leveldb.framework",
				"${BUILT_PRODUCTS_DIR}/nanopb/nanopb.framework",
			);
			name = "[CP] Embed Pods Frameworks";
			outputFileListPaths = (
			);
			outputPaths = (
				"${TARGET_BUILD_DIR}/${FRAMEWORKS_FOLDER_PATH}/openssl_grpc.framework",
				"${TARGET_BUILD_DIR}/${FRAMEWORKS_FOLDER_PATH}/GTMSessionFetcher.framework",
				"${TARGET_BUILD_DIR}/${FRAMEWORKS_FOLDER_PATH}/GoogleUtilities.framework",
				"${TARGET_BUILD_DIR}/${FRAMEWORKS_FOLDER_PATH}/Protobuf.framework",
				"${TARGET_BUILD_DIR}/${FRAMEWORKS_FOLDER_PATH}/grpcpp.framework",
				"${TARGET_BUILD_DIR}/${FRAMEWORKS_FOLDER_PATH}/grpc.framework",
				"${TARGET_BUILD_DIR}/${FRAMEWORKS_FOLDER_PATH}/leveldb.framework",
				"${TARGET_BUILD_DIR}/${FRAMEWORKS_FOLDER_PATH}/nanopb.framework",
			);
			runOnlyForDeploymentPostprocessing = 0;
			shellPath = /bin/sh;
			shellScript = "\"${PODS_ROOT}/Target Support Files/Pods-InstagramFirebase/Pods-InstagramFirebase-frameworks.sh\"\n";
			showEnvVarsInLog = 0;
		};
/* End PBXShellScriptBuildPhase section */

/* Begin PBXSourcesBuildPhase section */
		8CCF053822A535DD00FA3E22 /* Sources */ = {
			isa = PBXSourcesBuildPhase;
			buildActionMask = 2147483647;
			files = (
				8C10750B22AB8B3F00A4BF7B /* PhotoSelectorCell.swift in Sources */,
				8C10750922AAC72B00A4BF7B /* PhotoController.swift in Sources */,
				8C10751122ABEE9900A4BF7B /* UserProfileCell.swift in Sources */,
				8CCF054222A535DD00FA3E22 /* RegisterViewController.swift in Sources */,
				8CCF055722A563E200FA3E22 /* LoginButton.swift in Sources */,
				8C10750F22ABED4200A4BF7B /* Post.swift in Sources */,
				8C1074F322A81C2300A4BF7B /* ProfileViewController.swift in Sources */,
				8C10751422ABFD0F00A4BF7B /* CustomImageView.swift in Sources */,
				8C10751922AD14DF00A4BF7B /* HomeController.swift in Sources */,
				8C1074FE22A8F25200A4BF7B /* UserProfileHeader.swift in Sources */,
				8C10750D22ABA85700A4BF7B /* SharePhotoController.swift in Sources */,
				8C10751622ACE8AD00A4BF7B /* UIImageView+Extension.swift in Sources */,
				8C10750622A96C6D00A4BF7B /* MainController.swift in Sources */,
				8CCF054022A535DD00FA3E22 /* AppDelegate.swift in Sources */,
				8C10750422A968A200A4BF7B /* LoginController.swift in Sources */,
				8CCF055A22A5644300FA3E22 /* Constants.swift in Sources */,
				8C10751B22AD161A00A4BF7B /* HomePostCell.swift in Sources */,
				8C10750222A8F69100A4BF7B /* User.swift in Sources */,
			);
			runOnlyForDeploymentPostprocessing = 0;
		};
/* End PBXSourcesBuildPhase section */

/* Begin PBXVariantGroup section */
		8CCF054322A535DD00FA3E22 /* Main.storyboard */ = {
			isa = PBXVariantGroup;
			children = (
				8CCF054422A535DD00FA3E22 /* Base */,
			);
			name = Main.storyboard;
			sourceTree = "<group>";
		};
		8CCF054822A535DE00FA3E22 /* LaunchScreen.storyboard */ = {
			isa = PBXVariantGroup;
			children = (
				8CCF054922A535DE00FA3E22 /* Base */,
			);
			name = LaunchScreen.storyboard;
			sourceTree = "<group>";
		};
/* End PBXVariantGroup section */

/* Begin XCBuildConfiguration section */
		8CCF054C22A535DE00FA3E22 /* Debug */ = {
			isa = XCBuildConfiguration;
			buildSettings = {
				ALWAYS_SEARCH_USER_PATHS = NO;
				CLANG_ANALYZER_NONNULL = YES;
				CLANG_ANALYZER_NUMBER_OBJECT_CONVERSION = YES_AGGRESSIVE;
				CLANG_CXX_LANGUAGE_STANDARD = "gnu++14";
				CLANG_CXX_LIBRARY = "libc++";
				CLANG_ENABLE_MODULES = YES;
				CLANG_ENABLE_OBJC_ARC = YES;
				CLANG_ENABLE_OBJC_WEAK = YES;
				CLANG_WARN_BLOCK_CAPTURE_AUTORELEASING = YES;
				CLANG_WARN_BOOL_CONVERSION = YES;
				CLANG_WARN_COMMA = YES;
				CLANG_WARN_CONSTANT_CONVERSION = YES;
				CLANG_WARN_DEPRECATED_OBJC_IMPLEMENTATIONS = YES;
				CLANG_WARN_DIRECT_OBJC_ISA_USAGE = YES_ERROR;
				CLANG_WARN_DOCUMENTATION_COMMENTS = YES;
				CLANG_WARN_EMPTY_BODY = YES;
				CLANG_WARN_ENUM_CONVERSION = YES;
				CLANG_WARN_INFINITE_RECURSION = YES;
				CLANG_WARN_INT_CONVERSION = YES;
				CLANG_WARN_NON_LITERAL_NULL_CONVERSION = YES;
				CLANG_WARN_OBJC_IMPLICIT_RETAIN_SELF = YES;
				CLANG_WARN_OBJC_LITERAL_CONVERSION = YES;
				CLANG_WARN_OBJC_ROOT_CLASS = YES_ERROR;
				CLANG_WARN_RANGE_LOOP_ANALYSIS = YES;
				CLANG_WARN_STRICT_PROTOTYPES = YES;
				CLANG_WARN_SUSPICIOUS_MOVE = YES;
				CLANG_WARN_UNGUARDED_AVAILABILITY = YES_AGGRESSIVE;
				CLANG_WARN_UNREACHABLE_CODE = YES;
				CLANG_WARN__DUPLICATE_METHOD_MATCH = YES;
				CODE_SIGN_IDENTITY = "iPhone Developer";
				COPY_PHASE_STRIP = NO;
				DEBUG_INFORMATION_FORMAT = dwarf;
				ENABLE_STRICT_OBJC_MSGSEND = YES;
				ENABLE_TESTABILITY = YES;
				GCC_C_LANGUAGE_STANDARD = gnu11;
				GCC_DYNAMIC_NO_PIC = NO;
				GCC_NO_COMMON_BLOCKS = YES;
				GCC_OPTIMIZATION_LEVEL = 0;
				GCC_PREPROCESSOR_DEFINITIONS = (
					"DEBUG=1",
					"$(inherited)",
				);
				GCC_WARN_64_TO_32_BIT_CONVERSION = YES;
				GCC_WARN_ABOUT_RETURN_TYPE = YES_ERROR;
				GCC_WARN_UNDECLARED_SELECTOR = YES;
				GCC_WARN_UNINITIALIZED_AUTOS = YES_AGGRESSIVE;
				GCC_WARN_UNUSED_FUNCTION = YES;
				GCC_WARN_UNUSED_VARIABLE = YES;
				IPHONEOS_DEPLOYMENT_TARGET = 12.2;
				MTL_ENABLE_DEBUG_INFO = INCLUDE_SOURCE;
				MTL_FAST_MATH = YES;
				ONLY_ACTIVE_ARCH = YES;
				SDKROOT = iphoneos;
				SWIFT_ACTIVE_COMPILATION_CONDITIONS = DEBUG;
				SWIFT_OPTIMIZATION_LEVEL = "-Onone";
			};
			name = Debug;
		};
		8CCF054D22A535DE00FA3E22 /* Release */ = {
			isa = XCBuildConfiguration;
			buildSettings = {
				ALWAYS_SEARCH_USER_PATHS = NO;
				CLANG_ANALYZER_NONNULL = YES;
				CLANG_ANALYZER_NUMBER_OBJECT_CONVERSION = YES_AGGRESSIVE;
				CLANG_CXX_LANGUAGE_STANDARD = "gnu++14";
				CLANG_CXX_LIBRARY = "libc++";
				CLANG_ENABLE_MODULES = YES;
				CLANG_ENABLE_OBJC_ARC = YES;
				CLANG_ENABLE_OBJC_WEAK = YES;
				CLANG_WARN_BLOCK_CAPTURE_AUTORELEASING = YES;
				CLANG_WARN_BOOL_CONVERSION = YES;
				CLANG_WARN_COMMA = YES;
				CLANG_WARN_CONSTANT_CONVERSION = YES;
				CLANG_WARN_DEPRECATED_OBJC_IMPLEMENTATIONS = YES;
				CLANG_WARN_DIRECT_OBJC_ISA_USAGE = YES_ERROR;
				CLANG_WARN_DOCUMENTATION_COMMENTS = YES;
				CLANG_WARN_EMPTY_BODY = YES;
				CLANG_WARN_ENUM_CONVERSION = YES;
				CLANG_WARN_INFINITE_RECURSION = YES;
				CLANG_WARN_INT_CONVERSION = YES;
				CLANG_WARN_NON_LITERAL_NULL_CONVERSION = YES;
				CLANG_WARN_OBJC_IMPLICIT_RETAIN_SELF = YES;
				CLANG_WARN_OBJC_LITERAL_CONVERSION = YES;
				CLANG_WARN_OBJC_ROOT_CLASS = YES_ERROR;
				CLANG_WARN_RANGE_LOOP_ANALYSIS = YES;
				CLANG_WARN_STRICT_PROTOTYPES = YES;
				CLANG_WARN_SUSPICIOUS_MOVE = YES;
				CLANG_WARN_UNGUARDED_AVAILABILITY = YES_AGGRESSIVE;
				CLANG_WARN_UNREACHABLE_CODE = YES;
				CLANG_WARN__DUPLICATE_METHOD_MATCH = YES;
				CODE_SIGN_IDENTITY = "iPhone Developer";
				COPY_PHASE_STRIP = NO;
				DEBUG_INFORMATION_FORMAT = "dwarf-with-dsym";
				ENABLE_NS_ASSERTIONS = NO;
				ENABLE_STRICT_OBJC_MSGSEND = YES;
				GCC_C_LANGUAGE_STANDARD = gnu11;
				GCC_NO_COMMON_BLOCKS = YES;
				GCC_WARN_64_TO_32_BIT_CONVERSION = YES;
				GCC_WARN_ABOUT_RETURN_TYPE = YES_ERROR;
				GCC_WARN_UNDECLARED_SELECTOR = YES;
				GCC_WARN_UNINITIALIZED_AUTOS = YES_AGGRESSIVE;
				GCC_WARN_UNUSED_FUNCTION = YES;
				GCC_WARN_UNUSED_VARIABLE = YES;
				IPHONEOS_DEPLOYMENT_TARGET = 12.2;
				MTL_ENABLE_DEBUG_INFO = NO;
				MTL_FAST_MATH = YES;
				SDKROOT = iphoneos;
				SWIFT_COMPILATION_MODE = wholemodule;
				SWIFT_OPTIMIZATION_LEVEL = "-O";
				VALIDATE_PRODUCT = YES;
			};
			name = Release;
		};
		8CCF054F22A535DE00FA3E22 /* Debug */ = {
			isa = XCBuildConfiguration;
			baseConfigurationReference = FAEDACE5E1859AF8992FE9E6 /* Pods-InstagramFirebase.debug.xcconfig */;
			buildSettings = {
				ASSETCATALOG_COMPILER_APPICON_NAME = AppIcon;
				CODE_SIGN_STYLE = Automatic;
				DEVELOPMENT_TEAM = 8YE8M3UNR3;
				INFOPLIST_FILE = InstagramFirebase/Info.plist;
				LD_RUNPATH_SEARCH_PATHS = (
					"$(inherited)",
					"@executable_path/Frameworks",
				);
				PRODUCT_BUNDLE_IDENTIFIER = com.sornyei.InstagramFirebase;
				PRODUCT_NAME = "$(TARGET_NAME)";
				SWIFT_VERSION = 5.0;
				TARGETED_DEVICE_FAMILY = "1,2";
			};
			name = Debug;
		};
		8CCF055022A535DE00FA3E22 /* Release */ = {
			isa = XCBuildConfiguration;
			baseConfigurationReference = 076CD8FE0EB4187832681C07 /* Pods-InstagramFirebase.release.xcconfig */;
			buildSettings = {
				ASSETCATALOG_COMPILER_APPICON_NAME = AppIcon;
				CODE_SIGN_STYLE = Automatic;
				DEVELOPMENT_TEAM = 8YE8M3UNR3;
				INFOPLIST_FILE = InstagramFirebase/Info.plist;
				LD_RUNPATH_SEARCH_PATHS = (
					"$(inherited)",
					"@executable_path/Frameworks",
				);
				PRODUCT_BUNDLE_IDENTIFIER = com.sornyei.InstagramFirebase;
				PRODUCT_NAME = "$(TARGET_NAME)";
				SWIFT_VERSION = 5.0;
				TARGETED_DEVICE_FAMILY = "1,2";
			};
			name = Release;
		};
/* End XCBuildConfiguration section */

/* Begin XCConfigurationList section */
		8CCF053722A535DD00FA3E22 /* Build configuration list for PBXProject "InstagramFirebase" */ = {
			isa = XCConfigurationList;
			buildConfigurations = (
				8CCF054C22A535DE00FA3E22 /* Debug */,
				8CCF054D22A535DE00FA3E22 /* Release */,
			);
			defaultConfigurationIsVisible = 0;
			defaultConfigurationName = Release;
		};
		8CCF054E22A535DE00FA3E22 /* Build configuration list for PBXNativeTarget "InstagramFirebase" */ = {
			isa = XCConfigurationList;
			buildConfigurations = (
				8CCF054F22A535DE00FA3E22 /* Debug */,
				8CCF055022A535DE00FA3E22 /* Release */,
			);
			defaultConfigurationIsVisible = 0;
			defaultConfigurationName = Release;
		};
/* End XCConfigurationList section */
	};
	rootObject = 8CCF053422A535DD00FA3E22 /* Project object */;
}
